// !$*UTF8*$!
{
    archiveVersion = 1;
    classes = {
    };
    objectVersion = 77;
    objects = {

/* Begin PBXFileReference section */
        4AFEA63EE4E382DCEE9C7342 /* iosApp.app */ = {isa = PBXFileReference; explicitFileType = wrapper.application; includeInIndex = 0; path = iosApp.app; sourceTree = BUILT_PRODUCTS_DIR; };
/* End PBXFileReference section */

/* Begin PBXFileSystemSynchronizedBuildFileExceptionSet section */
        F61D80A47EDC3CC6E38D38E2 /* Exceptions for "iosApp" folder in "iosApp" target */ = {
            isa = PBXFileSystemSynchronizedBuildFileExceptionSet;
            membershipExceptions = (
                Info.plist,
            );
            target = E2A59491D3A693D6CF8FAA99 /* iosApp */;
        };
/* End PBXFileSystemSynchronizedBuildFileExceptionSet section */

/* Begin PBXFileSystemSynchronizedRootGroup section */
        F584CF6A856159BE8A9D4B6B /* iosApp */ = {
            isa = PBXFileSystemSynchronizedRootGroup;
            exceptions = (
                F61D80A47EDC3CC6E38D38E2 /* Exceptions for "iosApp" folder in "iosApp" target */,
            );
            path = iosApp;
            sourceTree = "<group>";
        };
        995164853EA3993193B95917 /* Configuration */ = {
            isa = PBXFileSystemSynchronizedRootGroup;
            path = Configuration;
            sourceTree = "<group>";
        };
/* End PBXFileSystemSynchronizedRootGroup section */

/* Begin PBXFrameworksBuildPhase section */
        B0D8C1A0EDB9473CC67F2043 /* Frameworks */ = {
            isa = PBXFrameworksBuildPhase;
            buildActionMask = 2147483647;
            files = (
            );
            runOnlyForDeploymentPostprocessing = 0;
        };
/* End PBXFrameworksBuildPhase section */

/* Begin PBXGroup section */
        1697F1640D261BE07EB49B9B = {
            isa = PBXGroup;
            children = (
                995164853EA3993193B95917 /* Configuration */,
                F584CF6A856159BE8A9D4B6B /* iosApp */,
                0B6CEB6B2C00000100000021 /* Frameworks */,
                0AB826A394E372549F7760E1 /* Products */,
            );
            sourceTree = "<group>";
        };
        0AB826A394E372549F7760E1 /* Products */ = {
            isa = PBXGroup;
            children = (
                4AFEA63EE4E382DCEE9C7342 /* iosApp.app */,
            );
            name = Products;
            sourceTree = "<group>";
        };
        0B6CEB6B2C00000100000021 /* Frameworks */ = {
            isa = PBXGroup;
            children = (
            );
            path = Frameworks;
            sourceTree = "<group>";
        };
/* End PBXGroup section */

/* Begin PBXNativeTarget section */
        E2A59491D3A693D6CF8FAA99 /* iosApp */ = {
            isa = PBXNativeTarget;
            buildConfigurationList = D52D642D761017D884957B7E /* Build configuration list for PBXNativeTarget "iosApp" */;
            buildPhases = (
                EE9693A36170387366D41FA0 /* Compile Kotlin Framework */,
                8837E53A0E1163C8B8D7510B /* Sources */,
                B0D8C1A0EDB9473CC67F2043 /* Frameworks */,
                5DEFDCB68438EDBC24577A8F /* Resources */,
            );
            buildRules = (
            );
            dependencies = (
            );
            fileSystemSynchronizedGroups = (
                F584CF6A856159BE8A9D4B6B /* iosApp */,
            );
            name = iosApp;
            packageProductDependencies = (
            );
            productName = iosApp;
            productReference = 4AFEA63EE4E382DCEE9C7342 /* iosApp.app */;
            productType = "com.apple.product-type.application";
        };
/* End PBXNativeTarget section */

/* Begin PBXProject section */
        A9A73D31A68B735AF32426B0 /* Project object */ = {
            isa = PBXProject;
            attributes = {
                BuildIndependentTargetsInParallel = 1;
                LastSwiftUpdateCheck = 1620;
                LastUpgradeCheck = 1620;
                TargetAttributes = {
                    E2A59491D3A693D6CF8FAA99 = {
                        CreatedOnToolsVersion = 16.2;
                    };
                };
            };
            buildConfigurationList = A292E86A6D307910A1FF1174 /* Build configuration list for PBXProject "iosApp" */;
            developmentRegion = en;
            hasScannedForEncodings = 0;
            knownRegions = (
                en,
                Base,
            );
            mainGroup = 1697F1640D261BE07EB49B9B;
            minimizedProjectReferenceProxies = 1;
            preferredProjectObjectVersion = 77;
            productRefGroup = 0AB826A394E372549F7760E1 /* Products */;
            projectDirPath = "";
            projectRoot = "";
            targets = (
                E2A59491D3A693D6CF8FAA99 /* iosApp */,
            );
        };
/* End PBXProject section */

/* Begin PBXResourcesBuildPhase section */
        5DEFDCB68438EDBC24577A8F /* Resources */ = {
            isa = PBXResourcesBuildPhase;
            buildActionMask = 2147483647;
            files = (
            );
            runOnlyForDeploymentPostprocessing = 0;
        };
/* End PBXResourcesBuildPhase section */

/* Begin PBXShellScriptBuildPhase section */
        EE9693A36170387366D41FA0 /* Compile Kotlin Framework */ = {
            isa = PBXShellScriptBuildPhase;
            alwaysOutOfDate = 1;
            buildActionMask = 2147483647;
            files = (
            );
            inputFileListPaths = (
            );
            inputPaths = (
            );
            name = "Compile Kotlin Framework";
            outputFileListPaths = (
            );
            outputPaths = (
            );
            runOnlyForDeploymentPostprocessing = 0;
            shellPath = /bin/sh;
            shellScript = "bash \"$SRCROOT/scripts/build_framework.sh\"";
        };
/* End PBXShellScriptBuildPhase section */

/* Begin PBXSourcesBuildPhase section */
        8837E53A0E1163C8B8D7510B /* Sources */ = {
            isa = PBXSourcesBuildPhase;
            buildActionMask = 2147483647;
            files = (
            );
            runOnlyForDeploymentPostprocessing = 0;
        };
/* End PBXSourcesBuildPhase section */

/* Begin XCBuildConfiguration section */
        B29A3552D2FACC51F8276345 /* Debug */ = {
            isa = XCBuildConfiguration;
            baseConfigurationReferenceAnchor = 995164853EA3993193B95917 /* Configuration */;
            baseConfigurationReferenceRelativePath = Config.xcconfig;
            buildSettings = {
            };
            name = Debug;
        };
        4308030FE4D985B225B66823 /* Release */ = {
            isa = XCBuildConfiguration;
            baseConfigurationReferenceAnchor = 995164853EA3993193B95917 /* Configuration */;
            baseConfigurationReferenceRelativePath = Config.xcconfig;
            buildSettings = {
            };
            name = Release;
        };
        7547BA787DAEFF9EC0A9F930 /* Debug */ = {
            isa = XCBuildConfiguration;
            baseConfigurationReferenceAnchor = 995164853EA3993193B95917 /* Configuration */;
            baseConfigurationReferenceRelativePath = Config.xcconfig;
            buildSettings = {
                ASSETCATALOG_COMPILER_APPICON_NAME = "";
                SWIFT_VERSION = 5.0;
                TARGETED_DEVICE_FAMILY = "1,2";
            };
            name = Debug;
        };
        A6E704604B3DA0BC26B26C0A /* Release */ = {
            isa = XCBuildConfiguration;
            baseConfigurationReferenceAnchor = 995164853EA3993193B95917 /* Configuration */;
            baseConfigurationReferenceRelativePath = Config.xcconfig;
            buildSettings = {
                ASSETCATALOG_COMPILER_APPICON_NAME = "";
                SWIFT_VERSION = 5.0;
                TARGETED_DEVICE_FAMILY = "1,2";
            };
            name = Release;
        };
/* End XCBuildConfiguration section */

/* Begin XCConfigurationList section */
        A292E86A6D307910A1FF1174 /* Build configuration list for PBXProject "iosApp" */ = {
            isa = XCConfigurationList;
            buildConfigurations = (
                B29A3552D2FACC51F8276345 /* Debug */,
                4308030FE4D985B225B66823 /* Release */,
            );
            defaultConfigurationIsVisible = 0;
            defaultConfigurationName = Release;
        };
        D52D642D761017D884957B7E /* Build configuration list for PBXNativeTarget "iosApp" */ = {
            isa = XCConfigurationList;
            buildConfigurations = (
                7547BA787DAEFF9EC0A9F930 /* Debug */,
                A6E704604B3DA0BC26B26C0A /* Release */,
            );
            defaultConfigurationIsVisible = 0;
            defaultConfigurationName = Release;
        };
/* End XCConfigurationList section */
    };
    rootObject = A9A73D31A68B735AF32426B0 /* Project object */;
}
